{
  "lockfile_version": "1",
  "packages": {
    "go@latest": {
      "last_modified": "2024-03-22T11:26:23Z",
      "resolved": "github:NixOS/nixpkgs/a3ed7406349a9335cb4c2a71369b697cecd9d351#go",
      "source": "devbox-search",
      "version": "1.22.1",
      "systems": {
        "aarch64-darwin": {
          "outputs": [
            {
              "name": "out",
              "path": "/nix/store/n1k6wf8q10q7k0863gb78b1rf0j07r7r-go-1.22.1",
              "default": true
            }
          ],
          "store_path": "/nix/store/n1k6wf8q10q7k0863gb78b1rf0j07r7r-go-1.22.1"
        },
        "aarch64-linux": {
          "outputs": [
            {
              "name": "out",
              "path": "/nix/store/fl6cjlp5bvykfz1kxrw687zxzld25pn7-go-1.22.1",
              "default": true
            }
          ],
          "store_path": "/nix/store/fl6cjlp5bvykfz1kxrw687zxzld25pn7-go-1.22.1"
        },
        "x86_64-darwin": {
          "outputs": [
            {
              "name": "out",
              "path": "/nix/store/xgdp7gnf6vzr2ick2ip1lhq4cww65p7w-go-1.22.1",
              "default": true
            }
          ],
          "store_path": "/nix/store/xgdp7gnf6vzr2ick2ip1lhq4cww65p7w-go-1.22.1"
        },
        "x86_64-linux": {
          "outputs": [
            {
              "name": "out",
              "path": "/nix/store/bp39dh48cdqp89hk5mpdi1lxdf0mjl7x-go-1.22.1",
              "default": true
            }
          ],
          "store_path": "/nix/store/bp39dh48cdqp89hk5mpdi1lxdf0mjl7x-go-1.22.1"
        }
      }
    },
    "ko@latest": {
      "last_modified": "2024-03-22T11:26:23Z",
      "resolved": "github:NixOS/nixpkgs/a3ed7406349a9335cb4c2a71369b697cecd9d351#ko",
      "source": "devbox-search",
      "version": "0.15.2",
      "systems": {
        "aarch64-darwin": {
          "outputs": [
            {
              "name": "out",
              "path": "/nix/store/s28rbs6kim011ymk67wm3lr25kc43wh6-ko-0.15.2",
              "default": true
            }
          ],
          "store_path": "/nix/store/s28rbs6kim011ymk67wm3lr25kc43wh6-ko-0.15.2"
        },
        "aarch64-linux": {
          "outputs": [
            {
              "name": "out",
              "path": "/nix/store/wxy3qyg3v84p5pymq4vv13pmbinwlafi-ko-0.15.2",
              "default": true
            }
          ],
          "store_path": "/nix/store/wxy3qyg3v84p5pymq4vv13pmbinwlafi-ko-0.15.2"
        },
        "x86_64-darwin": {
          "outputs": [
            {
              "name": "out",
              "path": "/nix/store/s37r4rn5imbkg0l70sq8fxcddf3kcwbs-ko-0.15.2",
              "default": true
            }
          ],
          "store_path": "/nix/store/s37r4rn5imbkg0l70sq8fxcddf3kcwbs-ko-0.15.2"
        },
        "x86_64-linux": {
          "outputs": [
            {
              "name": "out",
              "path": "/nix/store/q7qvm9zcx1lcwg67ymgy7q830i58wcqd-ko-0.15.2",
              "default": true
            }
          ],
          "store_path": "/nix/store/q7qvm9zcx1lcwg67ymgy7q830i58wcqd-ko-0.15.2"
        }
      }
    },
    "reflex@latest": {
      "last_modified": "2024-03-22T11:26:23Z",
      "resolved": "github:NixOS/nixpkgs/a3ed7406349a9335cb4c2a71369b697cecd9d351#reflex",
      "source": "devbox-search",
      "version": "0.3.1",
      "systems": {
        "aarch64-darwin": {
          "outputs": [
            {
              "name": "out",
              "path": "/nix/store/h25gs269ffqbb1qbaqd43zsznhndvhgc-reflex-0.3.1",
              "default": true
            }
          ],
          "store_path": "/nix/store/h25gs269ffqbb1qbaqd43zsznhndvhgc-reflex-0.3.1"
        },
        "aarch64-linux": {
          "outputs": [
            {
              "name": "out",
              "path": "/nix/store/4bm6nf2yyvg6jkbpsw86r50yr5nldz52-reflex-0.3.1",
              "default": true
            }
          ],
          "store_path": "/nix/store/4bm6nf2yyvg6jkbpsw86r50yr5nldz52-reflex-0.3.1"
        },
        "x86_64-darwin": {
          "outputs": [
            {
              "name": "out",
              "path": "/nix/store/s477vbnky02i0i22wrh9gfjbzmj389y3-reflex-0.3.1",
              "default": true
            }
          ],
          "store_path": "/nix/store/s477vbnky02i0i22wrh9gfjbzmj389y3-reflex-0.3.1"
        },
        "x86_64-linux": {
          "outputs": [
            {
              "name": "out",
              "path": "/nix/store/qbwvhh0kn3s0rx00wd7lhlxjf39qxqp5-reflex-0.3.1",
              "default": true
            }
          ],
          "store_path": "/nix/store/qbwvhh0kn3s0rx00wd7lhlxjf39qxqp5-reflex-0.3.1"
        }
      }
    }
  }
}
