{
  "lockfile_version": "1",
  "packages": {
    "github:NixOS/nixpkgs/nixpkgs-unstable": {
      "last_modified": "2026-09-07T01:55:52Z",
      "resolved": "github:NixOS/nixpkgs/42f17a57f4f6e33b3de3dca0a2a5ea5233169d02?lastModified=1788746152&narHash=sha256-RaKngusl5I8pNi8RfrVvsHq3NZe7eFWzDlb01%2BhEVqY%3D"
    },
    "go@1.27.0": {
      "last_modified": "2026-08-27T07:16:00Z",
      "resolved": "github:NixOS/nixpkgs/c27cdad491a991b11ed731760aa2ef8db0cb0410#go_1_27",
      "source": "devbox-search",
      "version": "1.27.0",
      "systems": {
        "aarch64-darwin": {
          "outputs": [
            {
              "name": "out",
              "path": "/nix/store/lz3qw52rpazqga73xgsqlj4qz1lgs4hg-go-1.27.0",
              "default": true
            }
          ],
          "store_path": "/nix/store/lz3qw52rpazqga73xgsqlj4qz1lgs4hg-go-1.27.0"
        },
        "aarch64-linux": {
          "outputs": [
            {
              "name": "out",
              "path": "/nix/store/zqjvg5805xkf6zsd8nrdvgbv58yw2phr-go-1.27.0",
              "default": true
            }
          ],
          "store_path": "/nix/store/zqjvg5805xkf6zsd8nrdvgbv58yw2phr-go-1.27.0"
        },
        "x86_64-linux": {
          "outputs": [
            {
              "name": "out",
              "path": "/nix/store/fibbp1k5gcpaxcin4dzk70yd056rfjhg-go-1.27.0",
              "default": true
            }
          ],
          "store_path": "/nix/store/fibbp1k5gcpaxcin4dzk70yd056rfjhg-go-1.27.0"
        }
      }
    },
    "ko@0.19.0": {
      "last_modified": "2026-06-30T12:14:11Z",
      "resolved": "github:NixOS/nixpkgs/e52c192be9d7b2c4bd4aed326c8731b35f8bb75c#ko",
      "source": "devbox-search",
      "version": "0.19.0",
      "systems": {
        "aarch64-darwin": {
          "outputs": [
            {
              "name": "out",
              "path": "/nix/store/a7gllydsghiaip0sklgcq73lprxhi2vk-ko-0.19.0",
              "default": true
            }
          ],
          "store_path": "/nix/store/a7gllydsghiaip0sklgcq73lprxhi2vk-ko-0.19.0"
        },
        "aarch64-linux": {
          "outputs": [
            {
              "name": "out",
              "path": "/nix/store/yd5biriznfwxzkvqnbfsdiphvzmzipy2-ko-0.19.0",
              "default": true
            }
          ],
          "store_path": "/nix/store/yd5biriznfwxzkvqnbfsdiphvzmzipy2-ko-0.19.0"
        },
        "x86_64-darwin": {
          "outputs": [
            {
              "name": "out",
              "path": "/nix/store/20l2sn8ixxxf86b81h2fgwjfdy8l7fxz-ko-0.19.0",
              "default": true
            }
          ],
          "store_path": "/nix/store/20l2sn8ixxxf86b81h2fgwjfdy8l7fxz-ko-0.19.0"
        },
        "x86_64-linux": {
          "outputs": [
            {
              "name": "out",
              "path": "/nix/store/i694nrrk67q04npawk82f1a6c2hwi42m-ko-0.19.0",
              "default": true
            }
          ],
          "store_path": "/nix/store/i694nrrk67q04npawk82f1a6c2hwi42m-ko-0.19.0"
        }
      }
    },
    "reflex@0.3.2": {
      "last_modified": "2026-08-27T07:16:00Z",
      "resolved": "github:NixOS/nixpkgs/c27cdad491a991b11ed731760aa2ef8db0cb0410#reflex",
      "source": "devbox-search",
      "version": "0.3.2",
      "systems": {
        "aarch64-darwin": {
          "outputs": [
            {
              "name": "out",
              "path": "/nix/store/g3k0k3szynny5b32idyan7yigx533z5x-reflex-0.3.2",
              "default": true
            }
          ],
          "store_path": "/nix/store/g3k0k3szynny5b32idyan7yigx533z5x-reflex-0.3.2"
        },
        "aarch64-linux": {
          "outputs": [
            {
              "name": "out",
              "path": "/nix/store/cgjfbbdp6ih6q2dndjphm7i8krnldy0g-reflex-0.3.2",
              "default": true
            }
          ],
          "store_path": "/nix/store/cgjfbbdp6ih6q2dndjphm7i8krnldy0g-reflex-0.3.2"
        },
        "x86_64-darwin": {
          "outputs": [
            {
              "name": "out",
              "path": "/nix/store/1ic8s5wmqzyj03qys3dwg9zw8pgviazy-reflex-0.3.2",
              "default": true
            }
          ],
          "store_path": "/nix/store/1ic8s5wmqzyj03qys3dwg9zw8pgviazy-reflex-0.3.2"
        },
        "x86_64-linux": {
          "outputs": [
            {
              "name": "out",
              "path": "/nix/store/0vycd3fjhv9ixvnkwjk01alwpllmdj3m-reflex-0.3.2",
              "default": true
            }
          ],
          "store_path": "/nix/store/0vycd3fjhv9ixvnkwjk01alwpllmdj3m-reflex-0.3.2"
        }
      }
    }
  }
}
