{
  "lockfile_version": "1",
  "packages": {
    "go@1.24.3": {
      "last_modified": "2025-05-16T20:19:48Z",
      "resolved": "github:NixOS/nixpkgs/12a55407652e04dcf2309436eb06fef0d3713ef3#go",
      "source": "devbox-search",
      "version": "1.24.3",
      "systems": {
        "aarch64-darwin": {
          "outputs": [
            {
              "name": "out",
              "path": "/nix/store/ps3admpzmc1ryvn9q7sw5xfd94dkrb3f-go-1.24.3",
              "default": true
            }
          ],
          "store_path": "/nix/store/ps3admpzmc1ryvn9q7sw5xfd94dkrb3f-go-1.24.3"
        },
        "aarch64-linux": {
          "outputs": [
            {
              "name": "out",
              "path": "/nix/store/45bnqhyyq40p91k3cjw0farx3hn1swx6-go-1.24.3",
              "default": true
            }
          ],
          "store_path": "/nix/store/45bnqhyyq40p91k3cjw0farx3hn1swx6-go-1.24.3"
        },
        "x86_64-darwin": {
          "outputs": [
            {
              "name": "out",
              "path": "/nix/store/9z2kb6hxij7pqi0fgcn9ijhpb7ajpazs-go-1.24.3",
              "default": true
            }
          ],
          "store_path": "/nix/store/9z2kb6hxij7pqi0fgcn9ijhpb7ajpazs-go-1.24.3"
        },
        "x86_64-linux": {
          "outputs": [
            {
              "name": "out",
              "path": "/nix/store/5xvi25nqmbrg58aixp4zgczilfnp7pwg-go-1.24.3",
              "default": true
            }
          ],
          "store_path": "/nix/store/5xvi25nqmbrg58aixp4zgczilfnp7pwg-go-1.24.3"
        }
      }
    },
    "ko@0.17.1": {
      "last_modified": "2025-04-02T04:26:43Z",
      "resolved": "github:NixOS/nixpkgs/b7ba7f9f45c5cd0d8625e9e217c28f8eb6a19a76#ko",
      "source": "devbox-search",
      "version": "0.17.1",
      "systems": {
        "aarch64-darwin": {
          "outputs": [
            {
              "name": "out",
              "path": "/nix/store/h186jbqpfn0g59n7x9kyza6zcf4ywzh9-ko-0.17.1",
              "default": true
            }
          ],
          "store_path": "/nix/store/h186jbqpfn0g59n7x9kyza6zcf4ywzh9-ko-0.17.1"
        },
        "aarch64-linux": {
          "outputs": [
            {
              "name": "out",
              "path": "/nix/store/8y4y6q15f82x9lww399np5gilsblwr2i-ko-0.17.1",
              "default": true
            }
          ],
          "store_path": "/nix/store/8y4y6q15f82x9lww399np5gilsblwr2i-ko-0.17.1"
        },
        "x86_64-darwin": {
          "outputs": [
            {
              "name": "out",
              "path": "/nix/store/zmigwvsdw2lnj8xzw9pk4szrs4cy0cb5-ko-0.17.1",
              "default": true
            }
          ],
          "store_path": "/nix/store/zmigwvsdw2lnj8xzw9pk4szrs4cy0cb5-ko-0.17.1"
        },
        "x86_64-linux": {
          "outputs": [
            {
              "name": "out",
              "path": "/nix/store/hdd0bhkf61jxpv46ggs462f219xpn8sz-ko-0.17.1",
              "default": true
            }
          ],
          "store_path": "/nix/store/hdd0bhkf61jxpv46ggs462f219xpn8sz-ko-0.17.1"
        }
      }
    },
    "reflex@0.3.1": {
      "last_modified": "2025-03-11T17:52:14Z",
      "resolved": "github:NixOS/nixpkgs/0d534853a55b5d02a4ababa1d71921ce8f0aee4c#reflex",
      "source": "devbox-search",
      "version": "0.3.1",
      "systems": {
        "aarch64-darwin": {
          "outputs": [
            {
              "name": "out",
              "path": "/nix/store/qv7gw803j45110130p7plrhqkd4s7s54-reflex-0.3.1",
              "default": true
            }
          ],
          "store_path": "/nix/store/qv7gw803j45110130p7plrhqkd4s7s54-reflex-0.3.1"
        },
        "aarch64-linux": {
          "outputs": [
            {
              "name": "out",
              "path": "/nix/store/1f7648nkn3380dncjnfk4x41m2y6a318-reflex-0.3.1",
              "default": true
            }
          ],
          "store_path": "/nix/store/1f7648nkn3380dncjnfk4x41m2y6a318-reflex-0.3.1"
        },
        "x86_64-darwin": {
          "outputs": [
            {
              "name": "out",
              "path": "/nix/store/zxy264z3d0xzardqmcnc60hzv4f6zl2l-reflex-0.3.1",
              "default": true
            }
          ],
          "store_path": "/nix/store/zxy264z3d0xzardqmcnc60hzv4f6zl2l-reflex-0.3.1"
        },
        "x86_64-linux": {
          "outputs": [
            {
              "name": "out",
              "path": "/nix/store/qhpvl1l2l94y435gfpfiqsapx525bqhg-reflex-0.3.1",
              "default": true
            }
          ],
          "store_path": "/nix/store/qhpvl1l2l94y435gfpfiqsapx525bqhg-reflex-0.3.1"
        }
      }
    }
  }
}
